
Microsoft Visual Studio Solution File, Format Version 12.00
# Visual Studio 2013
VisualStudioVersion = 12.0.30501.0
MinimumVisualStudioVersion = 10.0.40219.1
Project("{FAE04EC0-301F-11D3-BF4B-00C04F79EFBC}") = "RestApiTester.Common", "RestApiTester.Common\RestApiTester.Common.csproj", "{CABB0BD2-F537-4F83-93C2-074D106AB2FA}"
EndProject
Project("{FAE04EC0-301F-11D3-BF4B-00C04F79EFBC}") = "RestApiTester.RestRequestCollectionRunner", "RestApiTester.RestRequestCollectionRunner\RestApiTester.RestRequestCollectionRunner.csproj", "{DFB1389A-6D4A-4C5A-BC17-FDBB5671AF27}"
EndProject
Project("{FAE04EC0-301F-11D3-BF4B-00C04F79EFBC}") = "RestApiTester.Tests", "RestApiTester.Tests\RestApiTester.Tests.csproj", "{893FB511-1CEF-41AF-9FD6-6C1452DC245F}"
EndProject
Global
	GlobalSection(SolutionConfigurationPlatforms) = preSolution
		Debug|Any CPU = Debug|Any CPU
		Release|Any CPU = Release|Any CPU
	EndGlobalSection
	GlobalSection(ProjectConfigurationPlatforms) = postSolution
		{CABB0BD2-F537-4F83-93C2-074D106AB2FA}.Debug|Any CPU.ActiveCfg = Debug|Any CPU
		{CABB0BD2-F537-4F83-93C2-074D106AB2FA}.Debug|Any CPU.Build.0 = Debug|Any CPU
		{CABB0BD2-F537-4F83-93C2-074D106AB2FA}.Release|Any CPU.ActiveCfg = Release|Any CPU
		{CABB0BD2-F537-4F83-93C2-074D106AB2FA}.Release|Any CPU.Build.0 = Release|Any CPU
		{DFB1389A-6D4A-4C5A-BC17-FDBB5671AF27}.Debug|Any CPU.ActiveCfg = Debug|Any CPU
		{DFB1389A-6D4A-4C5A-BC17-FDBB5671AF27}.Debug|Any CPU.Build.0 = Debug|Any CPU
		{DFB1389A-6D4A-4C5A-BC17-FDBB5671AF27}.Release|Any CPU.ActiveCfg = Release|Any CPU
		{DFB1389A-6D4A-4C5A-BC17-FDBB5671AF27}.Release|Any CPU.Build.0 = Release|Any CPU
		{893FB511-1CEF-41AF-9FD6-6C1452DC245F}.Debug|Any CPU.ActiveCfg = Debug|Any CPU
		{893FB511-1CEF-41AF-9FD6-6C1452DC245F}.Debug|Any CPU.Build.0 = Debug|Any CPU
		{893FB511-1CEF-41AF-9FD6-6C1452DC245F}.Release|Any CPU.ActiveCfg = Release|Any CPU
		{893FB511-1CEF-41AF-9FD6-6C1452DC245F}.Release|Any CPU.Build.0 = Release|Any CPU
	EndGlobalSection
	GlobalSection(SolutionProperties) = preSolution
		HideSolutionNode = FALSE
	EndGlobalSection
EndGlobal
